
Microsoft Visual Studio Solution File, Format Version 12.00
# Visual Studio Version 16
VisualStudioVersion = 16.0.30503.244
MinimumVisualStudioVersion = 10.0.40219.1
Project("{FAE04EC0-301F-11D3-BF4B-00C04F79EFBC}") = "WeDo_Line_Tracker", "WeDo_Line_Tracker\WeDo_Line_Tracker.csproj", "{46CBE8E5-EBEF-40B6-8888-23CF2492A895}"
EndProject
Global
	GlobalSection(SolutionConfigurationPlatforms) = preSolution
		Debug|Any CPU = Debug|Any CPU
		Release|Any CPU = Release|Any CPU
	EndGlobalSection
	GlobalSection(ProjectConfigurationPlatforms) = postSolution
		{46CBE8E5-EBEF-40B6-8888-23CF2492A895}.Debug|Any CPU.ActiveCfg = Debug|Any CPU
		{46CBE8E5-EBEF-40B6-8888-23CF2492A895}.Debug|Any CPU.Build.0 = Debug|Any CPU
		{46CBE8E5-EBEF-40B6-8888-23CF2492A895}.Release|Any CPU.ActiveCfg = Release|Any CPU
		{46CBE8E5-EBEF-40B6-8888-23CF2492A895}.Release|Any CPU.Build.0 = Release|Any CPU
	EndGlobalSection
	GlobalSection(SolutionProperties) = preSolution
		HideSolutionNode = FALSE
	EndGlobalSection
	GlobalSection(ExtensibilityGlobals) = postSolution
		SolutionGuid = {02070DC5-F041-43A0-BF24-434E0AABCFC3}
	EndGlobalSection
EndGlobal
